
Microsoft Visual Studio Solution File, Format Version 12.00
# Visual Studio Version 16
VisualStudioVersion = 16.0.31624.102
MinimumVisualStudioVersion = 10.0.40219.1
Project("{FAE04EC0-301F-11D3-BF4B-00C04F79EFBC}") = "BFS", "BFS\BFS.csproj", "{FD4441D0-2F29-499C-ABE1-9B4B3EF43700}"
EndProject
Global
	GlobalSection(SolutionConfigurationPlatforms) = preSolution
		Debug|Any CPU = Debug|Any CPU
		Release|Any CPU = Release|Any CPU
	EndGlobalSection
	GlobalSection(ProjectConfigurationPlatforms) = postSolution
		{FD4441D0-2F29-499C-ABE1-9B4B3EF43700}.Debug|Any CPU.ActiveCfg = Debug|Any CPU
		{FD4441D0-2F29-499C-ABE1-9B4B3EF43700}.Debug|Any CPU.Build.0 = Debug|Any CPU
		{FD4441D0-2F29-499C-ABE1-9B4B3EF43700}.Release|Any CPU.ActiveCfg = Release|Any CPU
		{FD4441D0-2F29-499C-ABE1-9B4B3EF43700}.Release|Any CPU.Build.0 = Release|Any CPU
	EndGlobalSection
	GlobalSection(SolutionProperties) = preSolution
		HideSolutionNode = FALSE
	EndGlobalSection
	GlobalSection(ExtensibilityGlobals) = postSolution
		SolutionGuid = {2D1392B3-5E91-4FE4-B00A-541BFA37E4CE}
	EndGlobalSection
EndGlobal
